
Microsoft Visual Studio Solution File, Format Version 12.00
# Visual Studio 15
VisualStudioVersion = 15.0.28010.2003
MinimumVisualStudioVersion = 10.0.40219.1
Project("{FAE04EC0-301F-11D3-BF4B-00C04F79EFBC}") = "AsyncServerClient", "AsyncServerClient\AsyncServerClient.csproj", "{68C902EB-8B45-4E34-B672-3FFDAAF0530B}"
EndProject
Project("{FAE04EC0-301F-11D3-BF4B-00C04F79EFBC}") = "AsyncServerClient.Tests", "AsyncServerClient.Tests\AsyncServerClient.Tests.csproj", "{D1E7AFB0-3550-4F5D-8295-3454C7757038}"
EndProject
Project("{E53339B2-1760-4266-BCC7-CA923CBCF16C}") = "docker-compose", "docker-compose.dcproj", "{7A4D617F-EDF5-42BA-A07C-72017351EFC0}"
EndProject
Global
	GlobalSection(SolutionConfigurationPlatforms) = preSolution
		Debug|Any CPU = Debug|Any CPU
		Release|Any CPU = Release|Any CPU
	EndGlobalSection
	GlobalSection(ProjectConfigurationPlatforms) = postSolution
		{68C902EB-8B45-4E34-B672-3FFDAAF0530B}.Debug|Any CPU.ActiveCfg = Debug|Any CPU
		{68C902EB-8B45-4E34-B672-3FFDAAF0530B}.Debug|Any CPU.Build.0 = Debug|Any CPU
		{68C902EB-8B45-4E34-B672-3FFDAAF0530B}.Release|Any CPU.ActiveCfg = Release|Any CPU
		{68C902EB-8B45-4E34-B672-3FFDAAF0530B}.Release|Any CPU.Build.0 = Release|Any CPU
		{D1E7AFB0-3550-4F5D-8295-3454C7757038}.Debug|Any CPU.ActiveCfg = Debug|Any CPU
		{D1E7AFB0-3550-4F5D-8295-3454C7757038}.Debug|Any CPU.Build.0 = Debug|Any CPU
		{D1E7AFB0-3550-4F5D-8295-3454C7757038}.Release|Any CPU.ActiveCfg = Release|Any CPU
		{D1E7AFB0-3550-4F5D-8295-3454C7757038}.Release|Any CPU.Build.0 = Release|Any CPU
		{7A4D617F-EDF5-42BA-A07C-72017351EFC0}.Debug|Any CPU.ActiveCfg = Debug|Any CPU
		{7A4D617F-EDF5-42BA-A07C-72017351EFC0}.Debug|Any CPU.Build.0 = Debug|Any CPU
		{7A4D617F-EDF5-42BA-A07C-72017351EFC0}.Release|Any CPU.ActiveCfg = Release|Any CPU
		{7A4D617F-EDF5-42BA-A07C-72017351EFC0}.Release|Any CPU.Build.0 = Release|Any CPU
	EndGlobalSection
	GlobalSection(SolutionProperties) = preSolution
		HideSolutionNode = FALSE
	EndGlobalSection
	GlobalSection(ExtensibilityGlobals) = postSolution
		SolutionGuid = {387888EB-F456-495D-AB74-CF9C403A95CE}
	EndGlobalSection
EndGlobal
