
Microsoft Visual Studio Solution File, Format Version 12.00
# Visual Studio 15
VisualStudioVersion = 15.0.28010.2003
MinimumVisualStudioVersion = 10.0.40219.1
Project("{FAE04EC0-301F-11D3-BF4B-00C04F79EFBC}") = "AsyncServerClient.Tests", "AsyncServerClient.Tests\AsyncServerClient.Tests.csproj", "{D1E7AFB0-3550-4F5D-8295-3454C7757038}"
EndProject
Project("{FAE04EC0-301F-11D3-BF4B-00C04F79EFBC}") = "AsyncClientServer.Server", "..\AsyncClientServer.Server\AsyncClientServer.Server.csproj", "{5048F7FC-78FA-4719-AF79-F436638F4013}"
EndProject
Project("{FAE04EC0-301F-11D3-BF4B-00C04F79EFBC}") = "AsyncClientServer.Client.WPF", "AsyncClientServer.Client.WPF\AsyncClientServer.Client.WPF.csproj", "{1536635A-558A-4323-8EF9-578F7C4660DD}"
EndProject
Project("{FAE04EC0-301F-11D3-BF4B-00C04F79EFBC}") = "AsyncClientServer.Client", "AsyncClientServer.Client\AsyncClientServer.Client.csproj", "{3B24A7E5-CC3C-4A6D-9C27-25563FA3034A}"
EndProject
Project("{FAE04EC0-301F-11D3-BF4B-00C04F79EFBC}") = "AsyncClientServer.Entity", "Entity\AsyncClientServer.Entity.csproj", "{3420514E-AEC3-4B84-8A1A-DA74B52895CA}"
EndProject
Project("{FAE04EC0-301F-11D3-BF4B-00C04F79EFBC}") = "AsyncClientServer.ServerLogic", "AsyncClientServer.ServerLogic\AsyncClientServer.ServerLogic.csproj", "{E0EAFAC4-E579-498E-89FF-AC47E9339915}"
EndProject
Global
	GlobalSection(SolutionConfigurationPlatforms) = preSolution
		Debug|Any CPU = Debug|Any CPU
		Release|Any CPU = Release|Any CPU
	EndGlobalSection
	GlobalSection(ProjectConfigurationPlatforms) = postSolution
		{D1E7AFB0-3550-4F5D-8295-3454C7757038}.Debug|Any CPU.ActiveCfg = Debug|Any CPU
		{D1E7AFB0-3550-4F5D-8295-3454C7757038}.Debug|Any CPU.Build.0 = Debug|Any CPU
		{D1E7AFB0-3550-4F5D-8295-3454C7757038}.Release|Any CPU.ActiveCfg = Release|Any CPU
		{D1E7AFB0-3550-4F5D-8295-3454C7757038}.Release|Any CPU.Build.0 = Release|Any CPU
		{5048F7FC-78FA-4719-AF79-F436638F4013}.Debug|Any CPU.ActiveCfg = Debug|Any CPU
		{5048F7FC-78FA-4719-AF79-F436638F4013}.Debug|Any CPU.Build.0 = Debug|Any CPU
		{5048F7FC-78FA-4719-AF79-F436638F4013}.Release|Any CPU.ActiveCfg = Release|Any CPU
		{5048F7FC-78FA-4719-AF79-F436638F4013}.Release|Any CPU.Build.0 = Release|Any CPU
		{1536635A-558A-4323-8EF9-578F7C4660DD}.Debug|Any CPU.ActiveCfg = Debug|Any CPU
		{1536635A-558A-4323-8EF9-578F7C4660DD}.Debug|Any CPU.Build.0 = Debug|Any CPU
		{1536635A-558A-4323-8EF9-578F7C4660DD}.Release|Any CPU.ActiveCfg = Release|Any CPU
		{1536635A-558A-4323-8EF9-578F7C4660DD}.Release|Any CPU.Build.0 = Release|Any CPU
		{3B24A7E5-CC3C-4A6D-9C27-25563FA3034A}.Debug|Any CPU.ActiveCfg = Debug|Any CPU
		{3B24A7E5-CC3C-4A6D-9C27-25563FA3034A}.Debug|Any CPU.Build.0 = Debug|Any CPU
		{3B24A7E5-CC3C-4A6D-9C27-25563FA3034A}.Release|Any CPU.ActiveCfg = Release|Any CPU
		{3B24A7E5-CC3C-4A6D-9C27-25563FA3034A}.Release|Any CPU.Build.0 = Release|Any CPU
		{3420514E-AEC3-4B84-8A1A-DA74B52895CA}.Debug|Any CPU.ActiveCfg = Debug|Any CPU
		{3420514E-AEC3-4B84-8A1A-DA74B52895CA}.Debug|Any CPU.Build.0 = Debug|Any CPU
		{3420514E-AEC3-4B84-8A1A-DA74B52895CA}.Release|Any CPU.ActiveCfg = Release|Any CPU
		{3420514E-AEC3-4B84-8A1A-DA74B52895CA}.Release|Any CPU.Build.0 = Release|Any CPU
		{E0EAFAC4-E579-498E-89FF-AC47E9339915}.Debug|Any CPU.ActiveCfg = Debug|Any CPU
		{E0EAFAC4-E579-498E-89FF-AC47E9339915}.Debug|Any CPU.Build.0 = Debug|Any CPU
		{E0EAFAC4-E579-498E-89FF-AC47E9339915}.Release|Any CPU.ActiveCfg = Release|Any CPU
		{E0EAFAC4-E579-498E-89FF-AC47E9339915}.Release|Any CPU.Build.0 = Release|Any CPU
	EndGlobalSection
	GlobalSection(SolutionProperties) = preSolution
		HideSolutionNode = FALSE
	EndGlobalSection
	GlobalSection(ExtensibilityGlobals) = postSolution
		SolutionGuid = {387888EB-F456-495D-AB74-CF9C403A95CE}
	EndGlobalSection
EndGlobal
